
Microsoft Visual Studio Solution File, Format Version 12.00
# Visual Studio 15
VisualStudioVersion = 15.0.27004.2006
MinimumVisualStudioVersion = 10.0.40219.1
Project("{8BC9CEB8-8B4A-11D0-8D11-00A0C91BC942}") = "Bitonic-Sort", "Bitonic-Sort\Bitonic-Sort.vcxproj", "{8FB4EF25-88C2-4324-A19A-1424218515AB}"
EndProject
Global
	GlobalSection(SolutionConfigurationPlatforms) = preSolution
		Debug|x64 = Debug|x64
		Release|x64 = Release|x64
	EndGlobalSection
	GlobalSection(ProjectConfigurationPlatforms) = postSolution
		{8FB4EF25-88C2-4324-A19A-1424218515AB}.Debug|x64.ActiveCfg = Debug|x64
		{8FB4EF25-88C2-4324-A19A-1424218515AB}.Debug|x64.Build.0 = Debug|x64
		{8FB4EF25-88C2-4324-A19A-1424218515AB}.Release|x64.ActiveCfg = Release|x64
		{8FB4EF25-88C2-4324-A19A-1424218515AB}.Release|x64.Build.0 = Release|x64
	EndGlobalSection
	GlobalSection(SolutionProperties) = preSolution
		HideSolutionNode = FALSE
	EndGlobalSection
	GlobalSection(ExtensibilityGlobals) = postSolution
		SolutionGuid = {1AF71B2B-0B0E-49AE-87B9-FC5F41568653}
	EndGlobalSection
EndGlobal
